{
  "name": "rush-cms-django",
  "version": "1.0.0",
  "lockfileVersion": 3,
  "requires": true,
  "packages": {
    "": {
      "name": "rush-cms-django",
      "version": "1.0.0",
      "license": "ISC",
      "devDependencies": {
        "@types/leaflet": "^1.9.18",
        "typescript": "^5.8.3"
      }
    },
    "node_modules/@types/geojson": {
      "version": "7946.0.16",
      "resolved": "https://registry.npmjs.org/@types/geojson/-/geojson-7946.0.16.tgz",
      "integrity": "sha512-6C8nqWur3j98U6+lXDfTUWIfgvZU+EumvpHKcYjujKH7woYyLj2sUmff0tRhrqM7BohUw7Pz3ZB1jj2gW9Fvmg==",
      "dev": true
    },
    "node_modules/@types/leaflet": {
      "version": "1.9.18",
      "resolved": "https://registry.npmjs.org/@types/leaflet/-/leaflet-1.9.18.tgz",
      "integrity": "sha512-ht2vsoPjezor5Pmzi5hdsA7F++v5UGq9OlUduWHmMZiuQGIpJ2WS5+Gg9HaAA79gNh1AIPtCqhzejcIZ3lPzXQ==",
      "dev": true,
      "dependencies": {
        "@types/geojson": "*"
      }
    },
    "node_modules/typescript": {
      "version": "5.8.3",
      "resolved": "https://registry.npmjs.org/typescript/-/typescript-5.8.3.tgz",
      "integrity": "sha512-p1diW6TqL9L07nNxvRMM7hMMw4c5XOo/1ibL4aAIGmSAt9slTE1Xgw5KWuof2uTOvCg9BY7ZRi+GaF+7sfgPeQ==",
      "dev": true,
      "bin": {
        "tsc": "bin/tsc",
        "tsserver": "bin/tsserver"
      },
      "engines": {
        "node": ">=14.17"
      }
    }
  }
}
